
Microsoft Visual Studio Solution File, Format Version 12.00
# Visual Studio Version 17
VisualStudioVersion = 17.14.36518.9 d17.14
MinimumVisualStudioVersion = 10.0.40219.1
Project("{FAE04EC0-301F-11D3-BF4B-00C04F79EFBC}") = "WebApiDigitalSupport", "DigitalSupport\WebApiDigitalSupport.csproj", "{0CEDE6EF-AC75-46D5-B098-EAF861112653}"
EndProject
Global
	GlobalSection(SolutionConfigurationPlatforms) = preSolution
		Debug|Any CPU = Debug|Any CPU
		Release|Any CPU = Release|Any CPU
	EndGlobalSection
	GlobalSection(ProjectConfigurationPlatforms) = postSolution
		{0CEDE6EF-AC75-46D5-B098-EAF861112653}.Debug|Any CPU.ActiveCfg = Debug|Any CPU
		{0CEDE6EF-AC75-46D5-B098-EAF861112653}.Debug|Any CPU.Build.0 = Debug|Any CPU
		{0CEDE6EF-AC75-46D5-B098-EAF861112653}.Release|Any CPU.ActiveCfg = Release|Any CPU
		{0CEDE6EF-AC75-46D5-B098-EAF861112653}.Release|Any CPU.Build.0 = Release|Any CPU
	EndGlobalSection
	GlobalSection(SolutionProperties) = preSolution
		HideSolutionNode = FALSE
	EndGlobalSection
	GlobalSection(ExtensibilityGlobals) = postSolution
		SolutionGuid = {E6D80C9D-8266-491C-A7BB-B20F7B090DD3}
	EndGlobalSection
EndGlobal
